
Microsoft Visual Studio Solution File, Format Version 12.00
# Visual Studio Version 17
VisualStudioVersion = 17.1.32210.238
MinimumVisualStudioVersion = 10.0.40219.1
Project("{9A19103F-16F7-4668-BE54-9A1E7A4F7556}") = "DynamicDoubleLinkedAgenda", "DynamicAgendaList\DynamicDoubleLinkedAgenda.csproj", "{9467AB27-2CE6-4221-8525-32965818A138}"
EndProject
Global
	GlobalSection(SolutionConfigurationPlatforms) = preSolution
		Debug|Any CPU = Debug|Any CPU
		Release|Any CPU = Release|Any CPU
	EndGlobalSection
	GlobalSection(ProjectConfigurationPlatforms) = postSolution
		{9467AB27-2CE6-4221-8525-32965818A138}.Debug|Any CPU.ActiveCfg = Debug|Any CPU
		{9467AB27-2CE6-4221-8525-32965818A138}.Debug|Any CPU.Build.0 = Debug|Any CPU
		{9467AB27-2CE6-4221-8525-32965818A138}.Release|Any CPU.ActiveCfg = Release|Any CPU
		{9467AB27-2CE6-4221-8525-32965818A138}.Release|Any CPU.Build.0 = Release|Any CPU
	EndGlobalSection
	GlobalSection(SolutionProperties) = preSolution
		HideSolutionNode = FALSE
	EndGlobalSection
	GlobalSection(ExtensibilityGlobals) = postSolution
		SolutionGuid = {137161C4-0C08-4817-A4C0-D0C9F68D9E4E}
	EndGlobalSection
EndGlobal
